{
  "name": "youtrack_telegram",
  "requires": true,
  "lockfileVersion": 1,
  "dependencies": {
    "@jetbrains/youtrack-scripting-api": {
      "version": "2019.3.62414",
      "resolved": "https://registry.npmjs.org/@jetbrains/youtrack-scripting-api/-/youtrack-scripting-api-2019.3.62414.tgz",
      "integrity": "sha512-f1iImSLPfVDJb8xSak3eSmC3F4cCA47hRnbHTBKzy7dab7eyNbNVnLcJnJk6Ta02x+vsgTRnhfaCJd9mKSsKmA=="
    }
  }
}
